
Microsoft Visual Studio Solution File, Format Version 12.00
# Visual Studio Version 17
VisualStudioVersion = 17.4.33122.133
MinimumVisualStudioVersion = 10.0.40219.1
Project("{FAE04EC0-301F-11D3-BF4B-00C04F79EFBC}") = "Annotation_Demo", "Annotation_Demo\Annotation_Demo.csproj", "{9B554B29-6D61-4DEB-BF3B-D7A57189A598}"
EndProject
Global
	GlobalSection(SolutionConfigurationPlatforms) = preSolution
		Debug|Any CPU = Debug|Any CPU
		Release|Any CPU = Release|Any CPU
	EndGlobalSection
	GlobalSection(ProjectConfigurationPlatforms) = postSolution
		{9B554B29-6D61-4DEB-BF3B-D7A57189A598}.Debug|Any CPU.ActiveCfg = Debug|Any CPU
		{9B554B29-6D61-4DEB-BF3B-D7A57189A598}.Debug|Any CPU.Build.0 = Debug|Any CPU
		{9B554B29-6D61-4DEB-BF3B-D7A57189A598}.Release|Any CPU.ActiveCfg = Release|Any CPU
		{9B554B29-6D61-4DEB-BF3B-D7A57189A598}.Release|Any CPU.Build.0 = Release|Any CPU
	EndGlobalSection
	GlobalSection(SolutionProperties) = preSolution
		HideSolutionNode = FALSE
	EndGlobalSection
	GlobalSection(ExtensibilityGlobals) = postSolution
		SolutionGuid = {A3F66182-CB04-42CE-A2C6-A08CFD20C82D}
	EndGlobalSection
EndGlobal
